
Microsoft Visual Studio Solution File, Format Version 12.00
# Visual Studio Version 17
VisualStudioVersion = 17.9.34607.119
MinimumVisualStudioVersion = 10.0.40219.1
Project("{9A19103F-16F7-4668-BE54-9A1E7A4F7556}") = "Api", "Api\Api.csproj", "{955D8B22-86AB-4470-B435-0776B3AD97ED}"
EndProject
Project("{9A19103F-16F7-4668-BE54-9A1E7A4F7556}") = "Application", "Application\Application.csproj", "{DCA561D8-1659-40A6-B1B9-19C1932AACAC}"
EndProject
Project("{9A19103F-16F7-4668-BE54-9A1E7A4F7556}") = "Domain", "Domain\Domain.csproj", "{6319B1CE-02B6-46AB-8368-8D3433BA726D}"
EndProject
Project("{9A19103F-16F7-4668-BE54-9A1E7A4F7556}") = "Infrastructure", "Infrastructure\Infrastructure.csproj", "{EDBE0927-501F-4F8A-B4BD-8062341F1466}"
EndProject
Project("{9A19103F-16F7-4668-BE54-9A1E7A4F7556}") = "Shared", "Shared\Shared.csproj", "{709C3957-61F3-45E2-8D3E-D78597BA5B5D}"
EndProject
Project("{2150E333-8FDC-42A3-9474-1A3956D46DE8}") = "Элементы решения", "Элементы решения", "{8905C283-F951-4702-8864-D65CFC9EBE31}"
	ProjectSection(SolutionItems) = preProject
		LICENSE.txt = LICENSE.txt
		README.md = README.md
	EndProjectSection
EndProject
Global
	GlobalSection(SolutionConfigurationPlatforms) = preSolution
		Debug|Any CPU = Debug|Any CPU
		Release|Any CPU = Release|Any CPU
	EndGlobalSection
	GlobalSection(ProjectConfigurationPlatforms) = postSolution
		{955D8B22-86AB-4470-B435-0776B3AD97ED}.Debug|Any CPU.ActiveCfg = Debug|Any CPU
		{955D8B22-86AB-4470-B435-0776B3AD97ED}.Debug|Any CPU.Build.0 = Debug|Any CPU
		{955D8B22-86AB-4470-B435-0776B3AD97ED}.Release|Any CPU.ActiveCfg = Release|Any CPU
		{955D8B22-86AB-4470-B435-0776B3AD97ED}.Release|Any CPU.Build.0 = Release|Any CPU
		{DCA561D8-1659-40A6-B1B9-19C1932AACAC}.Debug|Any CPU.ActiveCfg = Debug|Any CPU
		{DCA561D8-1659-40A6-B1B9-19C1932AACAC}.Debug|Any CPU.Build.0 = Debug|Any CPU
		{DCA561D8-1659-40A6-B1B9-19C1932AACAC}.Release|Any CPU.ActiveCfg = Release|Any CPU
		{DCA561D8-1659-40A6-B1B9-19C1932AACAC}.Release|Any CPU.Build.0 = Release|Any CPU
		{6319B1CE-02B6-46AB-8368-8D3433BA726D}.Debug|Any CPU.ActiveCfg = Debug|Any CPU
		{6319B1CE-02B6-46AB-8368-8D3433BA726D}.Debug|Any CPU.Build.0 = Debug|Any CPU
		{6319B1CE-02B6-46AB-8368-8D3433BA726D}.Release|Any CPU.ActiveCfg = Release|Any CPU
		{6319B1CE-02B6-46AB-8368-8D3433BA726D}.Release|Any CPU.Build.0 = Release|Any CPU
		{EDBE0927-501F-4F8A-B4BD-8062341F1466}.Debug|Any CPU.ActiveCfg = Debug|Any CPU
		{EDBE0927-501F-4F8A-B4BD-8062341F1466}.Debug|Any CPU.Build.0 = Debug|Any CPU
		{EDBE0927-501F-4F8A-B4BD-8062341F1466}.Release|Any CPU.ActiveCfg = Release|Any CPU
		{EDBE0927-501F-4F8A-B4BD-8062341F1466}.Release|Any CPU.Build.0 = Release|Any CPU
		{709C3957-61F3-45E2-8D3E-D78597BA5B5D}.Debug|Any CPU.ActiveCfg = Debug|Any CPU
		{709C3957-61F3-45E2-8D3E-D78597BA5B5D}.Debug|Any CPU.Build.0 = Debug|Any CPU
		{709C3957-61F3-45E2-8D3E-D78597BA5B5D}.Release|Any CPU.ActiveCfg = Release|Any CPU
		{709C3957-61F3-45E2-8D3E-D78597BA5B5D}.Release|Any CPU.Build.0 = Release|Any CPU
	EndGlobalSection
	GlobalSection(SolutionProperties) = preSolution
		HideSolutionNode = FALSE
	EndGlobalSection
	GlobalSection(ExtensibilityGlobals) = postSolution
		SolutionGuid = {12628AA4-2066-486D-946B-D802FDA0CFE8}
	EndGlobalSection
EndGlobal
