
Microsoft Visual Studio Solution File, Format Version 12.00
# Visual Studio Version 17
VisualStudioVersion = 17.9.34607.119
MinimumVisualStudioVersion = 10.0.40219.1
Project("{FAE04EC0-301F-11D3-BF4B-00C04F79EFBC}") = "Api", "Api\Api.csproj", "{955D8B22-86AB-4470-B435-0776B3AD97ED}"
EndProject
Project("{FAE04EC0-301F-11D3-BF4B-00C04F79EFBC}") = "Application", "Application\Application.csproj", "{DCA561D8-1659-40A6-B1B9-19C1932AACAC}"
EndProject
Project("{FAE04EC0-301F-11D3-BF4B-00C04F79EFBC}") = "Domain", "Domain\Domain.csproj", "{6319B1CE-02B6-46AB-8368-8D3433BA726D}"
EndProject
Project("{FAE04EC0-301F-11D3-BF4B-00C04F79EFBC}") = "Infrastructure", "Infrastructure\Infrastructure.csproj", "{EDBE0927-501F-4F8A-B4BD-8062341F1466}"
EndProject
Project("{FAE04EC0-301F-11D3-BF4B-00C04F79EFBC}") = "Shared", "Shared\Shared.csproj", "{709C3957-61F3-45E2-8D3E-D78597BA5B5D}"
EndProject
Global
	GlobalSection(SolutionConfigurationPlatforms) = preSolution
		Debug|Any CPU = Debug|Any CPU
		Release|Any CPU = Release|Any CPU
	EndGlobalSection
	GlobalSection(ProjectConfigurationPlatforms) = postSolution
		{955D8B22-86AB-4470-B435-0776B3AD97ED}.Debug|Any CPU.ActiveCfg = Debug|Any CPU
		{955D8B22-86AB-4470-B435-0776B3AD97ED}.Debug|Any CPU.Build.0 = Debug|Any CPU
		{955D8B22-86AB-4470-B435-0776B3AD97ED}.Release|Any CPU.ActiveCfg = Release|Any CPU
		{955D8B22-86AB-4470-B435-0776B3AD97ED}.Release|Any CPU.Build.0 = Release|Any CPU
		{DCA561D8-1659-40A6-B1B9-19C1932AACAC}.Debug|Any CPU.ActiveCfg = Debug|Any CPU
		{DCA561D8-1659-40A6-B1B9-19C1932AACAC}.Debug|Any CPU.Build.0 = Debug|Any CPU
		{DCA561D8-1659-40A6-B1B9-19C1932AACAC}.Release|Any CPU.ActiveCfg = Release|Any CPU
		{DCA561D8-1659-40A6-B1B9-19C1932AACAC}.Release|Any CPU.Build.0 = Release|Any CPU
		{6319B1CE-02B6-46AB-8368-8D3433BA726D}.Debug|Any CPU.ActiveCfg = Debug|Any CPU
		{6319B1CE-02B6-46AB-8368-8D3433BA726D}.Debug|Any CPU.Build.0 = Debug|Any CPU
		{6319B1CE-02B6-46AB-8368-8D3433BA726D}.Release|Any CPU.ActiveCfg = Release|Any CPU
		{6319B1CE-02B6-46AB-8368-8D3433BA726D}.Release|Any CPU.Build.0 = Release|Any CPU
		{EDBE0927-501F-4F8A-B4BD-8062341F1466}.Debug|Any CPU.ActiveCfg = Debug|Any CPU
		{EDBE0927-501F-4F8A-B4BD-8062341F1466}.Debug|Any CPU.Build.0 = Debug|Any CPU
		{EDBE0927-501F-4F8A-B4BD-8062341F1466}.Release|Any CPU.ActiveCfg = Release|Any CPU
		{EDBE0927-501F-4F8A-B4BD-8062341F1466}.Release|Any CPU.Build.0 = Release|Any CPU
		{709C3957-61F3-45E2-8D3E-D78597BA5B5D}.Debug|Any CPU.ActiveCfg = Debug|Any CPU
		{709C3957-61F3-45E2-8D3E-D78597BA5B5D}.Debug|Any CPU.Build.0 = Debug|Any CPU
		{709C3957-61F3-45E2-8D3E-D78597BA5B5D}.Release|Any CPU.ActiveCfg = Release|Any CPU
		{709C3957-61F3-45E2-8D3E-D78597BA5B5D}.Release|Any CPU.Build.0 = Release|Any CPU
	EndGlobalSection
	GlobalSection(SolutionProperties) = preSolution
		HideSolutionNode = FALSE
	EndGlobalSection
	GlobalSection(ExtensibilityGlobals) = postSolution
		SolutionGuid = {12628AA4-2066-486D-946B-D802FDA0CFE8}
	EndGlobalSection
EndGlobal
